
Microsoft Visual Studio Solution File, Format Version 12.00
# Visual Studio Version 17
VisualStudioVersion = 17.0.32112.339
MinimumVisualStudioVersion = 10.0.40219.1
Project("{F184B08F-C81C-45F6-A57F-5ABD9991F28F}") = "contract tracing qr code", "contract tracing qr code\contract tracing qr code.vbproj", "{BFEE501F-FD51-4977-B3A7-69E4F2C2169E}"
EndProject
Global
	GlobalSection(SolutionConfigurationPlatforms) = preSolution
		Debug|Any CPU = Debug|Any CPU
		Release|Any CPU = Release|Any CPU
	EndGlobalSection
	GlobalSection(ProjectConfigurationPlatforms) = postSolution
		{BFEE501F-FD51-4977-B3A7-69E4F2C2169E}.Debug|Any CPU.ActiveCfg = Debug|Any CPU
		{BFEE501F-FD51-4977-B3A7-69E4F2C2169E}.Debug|Any CPU.Build.0 = Debug|Any CPU
		{BFEE501F-FD51-4977-B3A7-69E4F2C2169E}.Release|Any CPU.ActiveCfg = Release|Any CPU
		{BFEE501F-FD51-4977-B3A7-69E4F2C2169E}.Release|Any CPU.Build.0 = Release|Any CPU
	EndGlobalSection
	GlobalSection(SolutionProperties) = preSolution
		HideSolutionNode = FALSE
	EndGlobalSection
	GlobalSection(ExtensibilityGlobals) = postSolution
		SolutionGuid = {814CEBF8-27E2-409A-BCB0-425EAFF31721}
	EndGlobalSection
EndGlobal
